
Microsoft Visual Studio Solution File, Format Version 12.00
# Visual Studio Version 16
VisualStudioVersion = 16.0.31624.102
MinimumVisualStudioVersion = 10.0.40219.1
Project("{FAE04EC0-301F-11D3-BF4B-00C04F79EFBC}") = "FunctionsReturnAndArraysFromFile", "FunctionsReturnAndArraysFromFile\FunctionsReturnAndArraysFromFile.csproj", "{849E7F3C-19D4-4F93-B6B8-C22015B7101B}"
EndProject
Project("{FAE04EC0-301F-11D3-BF4B-00C04F79EFBC}") = "FridayNightRandom", "FridayNightRandom\FridayNightRandom.csproj", "{134F3E42-7AE1-4F6A-9E74-2A5846BAC0B2}"
EndProject
Project("{FAE04EC0-301F-11D3-BF4B-00C04F79EFBC}") = "FridayNightRandomReturn", "FridayNightRandomReturn\FridayNightRandomReturn.csproj", "{1AD7308A-9305-414C-A405-74625255641A}"
EndProject
Project("{FAE04EC0-301F-11D3-BF4B-00C04F79EFBC}") = "PickRandomFromFile", "PickRandomFromFile\PickRandomFromFile.csproj", "{C38EF226-25F8-4329-A623-94E1DC0B3B60}"
EndProject
Project("{FAE04EC0-301F-11D3-BF4B-00C04F79EFBC}") = "ChuckNorris", "ChuckNorris\ChuckNorris.csproj", "{902571B9-8A3A-4670-AEAE-187606288B2B}"
EndProject
Global
	GlobalSection(SolutionConfigurationPlatforms) = preSolution
		Debug|Any CPU = Debug|Any CPU
		Release|Any CPU = Release|Any CPU
	EndGlobalSection
	GlobalSection(ProjectConfigurationPlatforms) = postSolution
		{849E7F3C-19D4-4F93-B6B8-C22015B7101B}.Debug|Any CPU.ActiveCfg = Debug|Any CPU
		{849E7F3C-19D4-4F93-B6B8-C22015B7101B}.Debug|Any CPU.Build.0 = Debug|Any CPU
		{849E7F3C-19D4-4F93-B6B8-C22015B7101B}.Release|Any CPU.ActiveCfg = Release|Any CPU
		{849E7F3C-19D4-4F93-B6B8-C22015B7101B}.Release|Any CPU.Build.0 = Release|Any CPU
		{134F3E42-7AE1-4F6A-9E74-2A5846BAC0B2}.Debug|Any CPU.ActiveCfg = Debug|Any CPU
		{134F3E42-7AE1-4F6A-9E74-2A5846BAC0B2}.Debug|Any CPU.Build.0 = Debug|Any CPU
		{134F3E42-7AE1-4F6A-9E74-2A5846BAC0B2}.Release|Any CPU.ActiveCfg = Release|Any CPU
		{134F3E42-7AE1-4F6A-9E74-2A5846BAC0B2}.Release|Any CPU.Build.0 = Release|Any CPU
		{1AD7308A-9305-414C-A405-74625255641A}.Debug|Any CPU.ActiveCfg = Debug|Any CPU
		{1AD7308A-9305-414C-A405-74625255641A}.Debug|Any CPU.Build.0 = Debug|Any CPU
		{1AD7308A-9305-414C-A405-74625255641A}.Release|Any CPU.ActiveCfg = Release|Any CPU
		{1AD7308A-9305-414C-A405-74625255641A}.Release|Any CPU.Build.0 = Release|Any CPU
		{C38EF226-25F8-4329-A623-94E1DC0B3B60}.Debug|Any CPU.ActiveCfg = Debug|Any CPU
		{C38EF226-25F8-4329-A623-94E1DC0B3B60}.Debug|Any CPU.Build.0 = Debug|Any CPU
		{C38EF226-25F8-4329-A623-94E1DC0B3B60}.Release|Any CPU.ActiveCfg = Release|Any CPU
		{C38EF226-25F8-4329-A623-94E1DC0B3B60}.Release|Any CPU.Build.0 = Release|Any CPU
		{902571B9-8A3A-4670-AEAE-187606288B2B}.Debug|Any CPU.ActiveCfg = Debug|Any CPU
		{902571B9-8A3A-4670-AEAE-187606288B2B}.Debug|Any CPU.Build.0 = Debug|Any CPU
		{902571B9-8A3A-4670-AEAE-187606288B2B}.Release|Any CPU.ActiveCfg = Release|Any CPU
		{902571B9-8A3A-4670-AEAE-187606288B2B}.Release|Any CPU.Build.0 = Release|Any CPU
	EndGlobalSection
	GlobalSection(SolutionProperties) = preSolution
		HideSolutionNode = FALSE
	EndGlobalSection
	GlobalSection(ExtensibilityGlobals) = postSolution
		SolutionGuid = {6C967AD6-FC8D-4D7B-8D5C-8B1D51DA5860}
	EndGlobalSection
EndGlobal
